
Microsoft Visual Studio Solution File, Format Version 12.00
# Visual Studio Version 16
VisualStudioVersion = 16.0.31729.503
MinimumVisualStudioVersion = 10.0.40219.1
Project("{9A19103F-16F7-4668-BE54-9A1E7A4F7556}") = "UniversityApplication.WebAPI", "UniversityApplication.WebAPI\UniversityApplication.WebAPI.csproj", "{2830D6D1-CA91-4C1B-9496-4B7D71F27BDA}"
EndProject
Project("{9A19103F-16F7-4668-BE54-9A1E7A4F7556}") = "UniversityApplication.Data", "UniversityApplication.Data\UniversityApplication.Data.csproj", "{98753752-2F03-4CEE-BF55-B78911189ECA}"
EndProject
Project("{9A19103F-16F7-4668-BE54-9A1E7A4F7556}") = "UniversityApplication.Services", "UniversityApplication.Services\UniversityApplication.Services.csproj", "{F2901189-87D4-46FF-8D38-CB3954124E99}"
EndProject
Project("{FAE04EC0-301F-11D3-BF4B-00C04F79EFBC}") = "Repository", "Repository\Repository.csproj", "{810CBA02-696C-4773-AA6B-8D6039B046E3}"
EndProject
Project("{FAE04EC0-301F-11D3-BF4B-00C04F79EFBC}") = "LoggerService", "LoggerService\LoggerService.csproj", "{70058671-A075-452F-90AD-2A779D3E7D6C}"
EndProject
Global
	GlobalSection(SolutionConfigurationPlatforms) = preSolution
		Debug|Any CPU = Debug|Any CPU
		Release|Any CPU = Release|Any CPU
	EndGlobalSection
	GlobalSection(ProjectConfigurationPlatforms) = postSolution
		{2830D6D1-CA91-4C1B-9496-4B7D71F27BDA}.Debug|Any CPU.ActiveCfg = Debug|Any CPU
		{2830D6D1-CA91-4C1B-9496-4B7D71F27BDA}.Debug|Any CPU.Build.0 = Debug|Any CPU
		{2830D6D1-CA91-4C1B-9496-4B7D71F27BDA}.Release|Any CPU.ActiveCfg = Release|Any CPU
		{2830D6D1-CA91-4C1B-9496-4B7D71F27BDA}.Release|Any CPU.Build.0 = Release|Any CPU
		{98753752-2F03-4CEE-BF55-B78911189ECA}.Debug|Any CPU.ActiveCfg = Debug|Any CPU
		{98753752-2F03-4CEE-BF55-B78911189ECA}.Debug|Any CPU.Build.0 = Debug|Any CPU
		{98753752-2F03-4CEE-BF55-B78911189ECA}.Release|Any CPU.ActiveCfg = Release|Any CPU
		{98753752-2F03-4CEE-BF55-B78911189ECA}.Release|Any CPU.Build.0 = Release|Any CPU
		{F2901189-87D4-46FF-8D38-CB3954124E99}.Debug|Any CPU.ActiveCfg = Debug|Any CPU
		{F2901189-87D4-46FF-8D38-CB3954124E99}.Debug|Any CPU.Build.0 = Debug|Any CPU
		{F2901189-87D4-46FF-8D38-CB3954124E99}.Release|Any CPU.ActiveCfg = Release|Any CPU
		{F2901189-87D4-46FF-8D38-CB3954124E99}.Release|Any CPU.Build.0 = Release|Any CPU
		{810CBA02-696C-4773-AA6B-8D6039B046E3}.Debug|Any CPU.ActiveCfg = Debug|Any CPU
		{810CBA02-696C-4773-AA6B-8D6039B046E3}.Debug|Any CPU.Build.0 = Debug|Any CPU
		{810CBA02-696C-4773-AA6B-8D6039B046E3}.Release|Any CPU.ActiveCfg = Release|Any CPU
		{810CBA02-696C-4773-AA6B-8D6039B046E3}.Release|Any CPU.Build.0 = Release|Any CPU
		{70058671-A075-452F-90AD-2A779D3E7D6C}.Debug|Any CPU.ActiveCfg = Debug|Any CPU
		{70058671-A075-452F-90AD-2A779D3E7D6C}.Debug|Any CPU.Build.0 = Debug|Any CPU
		{70058671-A075-452F-90AD-2A779D3E7D6C}.Release|Any CPU.ActiveCfg = Release|Any CPU
		{70058671-A075-452F-90AD-2A779D3E7D6C}.Release|Any CPU.Build.0 = Release|Any CPU
	EndGlobalSection
	GlobalSection(SolutionProperties) = preSolution
		HideSolutionNode = FALSE
	EndGlobalSection
	GlobalSection(ExtensibilityGlobals) = postSolution
		SolutionGuid = {795F5C50-0DCD-408B-9281-64AB03CB3240}
	EndGlobalSection
EndGlobal
